
Microsoft Visual Studio Solution File, Format Version 12.00
# Visual Studio 15
VisualStudioVersion = 15.0.28010.0
MinimumVisualStudioVersion = 10.0.40219.1
Project("{FAE04EC0-301F-11D3-BF4B-00C04F79EFBC}") = "11.8", "11.8\11.8.csproj", "{056FC34D-7005-49BD-9225-A49A6DE5698E}"
EndProject
Project("{FAE04EC0-301F-11D3-BF4B-00C04F79EFBC}") = "11.9", "11.9\11.9.csproj", "{BC3BA0C8-CBFD-4212-8E1F-E9D6E1B5AAA6}"
EndProject
Global
	GlobalSection(SolutionConfigurationPlatforms) = preSolution
		Debug|Any CPU = Debug|Any CPU
		Release|Any CPU = Release|Any CPU
	EndGlobalSection
	GlobalSection(ProjectConfigurationPlatforms) = postSolution
		{056FC34D-7005-49BD-9225-A49A6DE5698E}.Debug|Any CPU.ActiveCfg = Debug|Any CPU
		{056FC34D-7005-49BD-9225-A49A6DE5698E}.Debug|Any CPU.Build.0 = Debug|Any CPU
		{056FC34D-7005-49BD-9225-A49A6DE5698E}.Release|Any CPU.ActiveCfg = Release|Any CPU
		{056FC34D-7005-49BD-9225-A49A6DE5698E}.Release|Any CPU.Build.0 = Release|Any CPU
		{BC3BA0C8-CBFD-4212-8E1F-E9D6E1B5AAA6}.Debug|Any CPU.ActiveCfg = Debug|Any CPU
		{BC3BA0C8-CBFD-4212-8E1F-E9D6E1B5AAA6}.Debug|Any CPU.Build.0 = Debug|Any CPU
		{BC3BA0C8-CBFD-4212-8E1F-E9D6E1B5AAA6}.Release|Any CPU.ActiveCfg = Release|Any CPU
		{BC3BA0C8-CBFD-4212-8E1F-E9D6E1B5AAA6}.Release|Any CPU.Build.0 = Release|Any CPU
	EndGlobalSection
	GlobalSection(SolutionProperties) = preSolution
		HideSolutionNode = FALSE
	EndGlobalSection
	GlobalSection(ExtensibilityGlobals) = postSolution
		SolutionGuid = {639061BA-4678-44A9-BEDD-DBE3167FFE24}
	EndGlobalSection
EndGlobal
